{
  "name": "planets-project",
  "version": "1.0.0",
  "lockfileVersion": 1,
  "requires": true,
  "dependencies": {
    "csv-parse": {
      "version": "4.15.1",
      "resolved": "https://registry.npmjs.org/csv-parse/-/csv-parse-4.15.1.tgz",
      "integrity": "sha512-TXIvRtNp0fqMJbk3yPR35bQIDzMH4khDwduElzE7Fl1wgnl25mnWYLSLqd/wS5GsDoX1rWtysivEYMNsz5jKwQ=="
    }
  }
}
