{
  "name": "planets-project",
  "version": "1.0.0",
  "lockfileVersion": 3,
  "requires": true,
  "packages": {
    "": {
      "name": "planets-project",
      "version": "1.0.0",
      "license": "ISC",
      "dependencies": {
        "csv-parse": "^5.5.1"
      }
    },
    "node_modules/csv-parse": {
      "version": "5.5.1",
      "resolved": "https://registry.npmjs.org/csv-parse/-/csv-parse-5.5.1.tgz",
      "integrity": "sha512-A6DrzSnN7MuOjXOT2tbO08YyYnP9sNDn8zITMHbZN/qt3gUzdGcu3LacYKY7b3RHwKoPwkhhmLeP7SE30cRmgg=="
    }
  }
}
