{
  "name": "planets-project",
  "version": "1.0.0",
  "lockfileVersion": 2,
  "requires": true,
  "packages": {
    "": {
      "name": "planets-project",
      "version": "1.0.0",
      "license": "ISC",
      "dependencies": {
        "csv-parse": "^5.0.3"
      }
    },
    "node_modules/csv-parse": {
      "version": "5.0.3",
      "resolved": "https://registry.npmjs.org/csv-parse/-/csv-parse-5.0.3.tgz",
      "integrity": "sha512-86R0WU4aEEF/1fPZKxP3NmDAYC4Ce1t9iFgKPZogG5Lvk4m9WZQkCEsDANktG29jppejwclTtEOzubN2ieCJqw=="
    }
  },
  "dependencies": {
    "csv-parse": {
      "version": "5.0.3",
      "resolved": "https://registry.npmjs.org/csv-parse/-/csv-parse-5.0.3.tgz",
      "integrity": "sha512-86R0WU4aEEF/1fPZKxP3NmDAYC4Ce1t9iFgKPZogG5Lvk4m9WZQkCEsDANktG29jppejwclTtEOzubN2ieCJqw=="
    }
  }
}
